// !$*UTF8*$!
{
	archiveVersion = 1;
	classes = {
	};
	objectVersion = 56;
	objects = {

/* Begin PBXBuildFile section */
		2A002D702AAF6832002DAF97 /* NavBarController.swift in Sources */ = {isa = PBXBuildFile; fileRef = 2A002D6F2AAF6832002DAF97 /* NavBarController.swift */; };
		2A002D722AAF68BA002DAF97 /* TabBarController.swift in Sources */ = {isa = PBXBuildFile; fileRef = 2A002D712AAF68BA002DAF97 /* TabBarController.swift */; };
		2A002D742AAF6A82002DAF97 /* Strings.swift in Sources */ = {isa = PBXBuildFile; fileRef = 2A002D732AAF6A82002DAF97 /* Strings.swift */; };
		2A0227202AAFAD4400DE2C3B /* FriendsTableViewController.swift in Sources */ = {isa = PBXBuildFile; fileRef = 2A02271F2AAFAD4400DE2C3B /* FriendsTableViewController.swift */; };
		2A0227252AAFAD7300DE2C3B /* GroupsTableViewController.swift in Sources */ = {isa = PBXBuildFile; fileRef = 2A0227242AAFAD7300DE2C3B /* GroupsTableViewController.swift */; };
		2A0227282AAFAD9000DE2C3B /* PhotosCollectionViewController.swift in Sources */ = {isa = PBXBuildFile; fileRef = 2A0227272AAFAD9000DE2C3B /* PhotosCollectionViewController.swift */; };
		2A02272D2AB1DD3600DE2C3B /* FriendsTableViewCell.swift in Sources */ = {isa = PBXBuildFile; fileRef = 2A02272C2AB1DD3600DE2C3B /* FriendsTableViewCell.swift */; };
		2A02272F2AB1E57D00DE2C3B /* GroupsTableViewCell.swift in Sources */ = {isa = PBXBuildFile; fileRef = 2A02272E2AB1E57D00DE2C3B /* GroupsTableViewCell.swift */; };
		2A0227322AB1E67100DE2C3B /* PhotoView.swift in Sources */ = {isa = PBXBuildFile; fileRef = 2A0227312AB1E67100DE2C3B /* PhotoView.swift */; };
		2A0227342AB1EC6800DE2C3B /* PhotosCollectionViewCell.swift in Sources */ = {isa = PBXBuildFile; fileRef = 2A0227332AB1EC6800DE2C3B /* PhotosCollectionViewCell.swift */; };
		2A178EDA2AB9AB2D00CC4FEA /* OnlineIndicatorView.swift in Sources */ = {isa = PBXBuildFile; fileRef = 2A178ED92AB9AB2D00CC4FEA /* OnlineIndicatorView.swift */; };
		2A178EDD2AB9D18D00CC4FEA /* ProfileViewController.swift in Sources */ = {isa = PBXBuildFile; fileRef = 2A178EDC2AB9D18D00CC4FEA /* ProfileViewController.swift */; };
		2A178EE22AB9D1C200CC4FEA /* ProfileView.swift in Sources */ = {isa = PBXBuildFile; fileRef = 2A178EE12AB9D1C200CC4FEA /* ProfileView.swift */; };
		2A178EE42AB9DAAF00CC4FEA /* ProfileNavButton.swift in Sources */ = {isa = PBXBuildFile; fileRef = 2A178EE32AB9DAAF00CC4FEA /* ProfileNavButton.swift */; };
		2A21483D2AB81F5600403A83 /* ImageDownloader.swift in Sources */ = {isa = PBXBuildFile; fileRef = 2A21483C2AB81F5600403A83 /* ImageDownloader.swift */; };
		2A2148402AB8AB3C00403A83 /* NetworkService.swift in Sources */ = {isa = PBXBuildFile; fileRef = 2A21483F2AB8AB3C00403A83 /* NetworkService.swift */; };
		2A2716E72ABC3BB300F221DB /* ApiError.swift in Sources */ = {isa = PBXBuildFile; fileRef = 2A2716E62ABC3BB300F221DB /* ApiError.swift */; };
		2A2D9F742AA9DF8D002FBDC3 /* PasswordButton.swift in Sources */ = {isa = PBXBuildFile; fileRef = 2A2D9F732AA9DF8D002FBDC3 /* PasswordButton.swift */; };
		2A2D9F762AA9F1AE002FBDC3 /* PasswordTextField.swift in Sources */ = {isa = PBXBuildFile; fileRef = 2A2D9F752AA9F1AE002FBDC3 /* PasswordTextField.swift */; };
		2A2D9F7B2AAA084F002FBDC3 /* UIViewController+Extensions.swift in Sources */ = {isa = PBXBuildFile; fileRef = 2A2D9F7A2AAA084F002FBDC3 /* UIViewController+Extensions.swift */; };
		2A4C65E82ABA53A300D01220 /* Account.swift in Sources */ = {isa = PBXBuildFile; fileRef = 2A4C65E72ABA53A300D01220 /* Account.swift */; };
		2A6FFAE72AB34C2100D1738B /* Friend.swift in Sources */ = {isa = PBXBuildFile; fileRef = 2A6FFAE62AB34C2100D1738B /* Friend.swift */; };
		2A6FFAE92AB34C5600D1738B /* ResponseWrapper.swift in Sources */ = {isa = PBXBuildFile; fileRef = 2A6FFAE82AB34C5600D1738B /* ResponseWrapper.swift */; };
		2A6FFAEB2AB34DD500D1738B /* Photo.swift in Sources */ = {isa = PBXBuildFile; fileRef = 2A6FFAEA2AB34DD500D1738B /* Photo.swift */; };
		2A6FFAED2AB34FB200D1738B /* ApiData.swift in Sources */ = {isa = PBXBuildFile; fileRef = 2A6FFAEC2AB34FB200D1738B /* ApiData.swift */; };
		2A93EE3C2AA2169500243273 /* AppDelegate.swift in Sources */ = {isa = PBXBuildFile; fileRef = 2A93EE3B2AA2169500243273 /* AppDelegate.swift */; };
		2A93EE3E2AA2169500243273 /* SceneDelegate.swift in Sources */ = {isa = PBXBuildFile; fileRef = 2A93EE3D2AA2169500243273 /* SceneDelegate.swift */; };
		2A93EE402AA2169500243273 /* AuthViewController.swift in Sources */ = {isa = PBXBuildFile; fileRef = 2A93EE3F2AA2169500243273 /* AuthViewController.swift */; };
		2A93EE452AA2169700243273 /* Assets.xcassets in Resources */ = {isa = PBXBuildFile; fileRef = 2A93EE442AA2169700243273 /* Assets.xcassets */; };
		2A93EE482AA2169700243273 /* LaunchScreen.storyboard in Resources */ = {isa = PBXBuildFile; fileRef = 2A93EE462AA2169700243273 /* LaunchScreen.storyboard */; };
		2A93EE5B2AA21AC800243273 /* AuthTextField.swift in Sources */ = {isa = PBXBuildFile; fileRef = 2A93EE5A2AA21AC800243273 /* AuthTextField.swift */; };
		2A93EE5E2AA21BB100243273 /* VKBaseController.swift in Sources */ = {isa = PBXBuildFile; fileRef = 2A93EE5D2AA21BB100243273 /* VKBaseController.swift */; };
		2A93EE612AA21E2000243273 /* VKBaseView.swift in Sources */ = {isa = PBXBuildFile; fileRef = 2A93EE602AA21E2000243273 /* VKBaseView.swift */; };
		2A93EE642AA2903A00243273 /* Colors.xcassets in Resources */ = {isa = PBXBuildFile; fileRef = 2A93EE632AA2903A00243273 /* Colors.xcassets */; };
		2A93EE662AA290AB00243273 /* Colors.swift in Sources */ = {isa = PBXBuildFile; fileRef = 2A93EE652AA290AB00243273 /* Colors.swift */; };
		2A93EE682AA2918C00243273 /* Icons.swift in Sources */ = {isa = PBXBuildFile; fileRef = 2A93EE672AA2918C00243273 /* Icons.swift */; };
		2A93EE6A2AA291C900243273 /* Icons.xcassets in Resources */ = {isa = PBXBuildFile; fileRef = 2A93EE692AA291C900243273 /* Icons.xcassets */; };
		2A93EE6C2AA2930200243273 /* BaseViewProtocol.swift in Sources */ = {isa = PBXBuildFile; fileRef = 2A93EE6B2AA2930200243273 /* BaseViewProtocol.swift */; };
		2A93EE6E2AA295C200243273 /* UIView+Extensions.swift in Sources */ = {isa = PBXBuildFile; fileRef = 2A93EE6D2AA295C200243273 /* UIView+Extensions.swift */; };
		2A93EE702AA2A2F800243273 /* BigButton.swift in Sources */ = {isa = PBXBuildFile; fileRef = 2A93EE6F2AA2A2F800243273 /* BigButton.swift */; };
		2A93EE742AA2A90500243273 /* TitleLabel.swift in Sources */ = {isa = PBXBuildFile; fileRef = 2A93EE732AA2A90500243273 /* TitleLabel.swift */; };
		2A93EE762AA2AAAF00243273 /* LogoImageView.swift in Sources */ = {isa = PBXBuildFile; fileRef = 2A93EE752AA2AAAF00243273 /* LogoImageView.swift */; };
		2A93EE782AA3219E00243273 /* AuthView.swift in Sources */ = {isa = PBXBuildFile; fileRef = 2A93EE772AA3219E00243273 /* AuthView.swift */; };
		2A93EEAE2AA91E2100243273 /* .gitignore in Resources */ = {isa = PBXBuildFile; fileRef = 2A93EEAD2AA91E2100243273 /* .gitignore */; };
		2AEF1C1F2AB47F7500E042DD /* Data+Extensions.swift in Sources */ = {isa = PBXBuildFile; fileRef = 2AEF1C1E2AB47F7500E042DD /* Data+Extensions.swift */; };
		2AEF1C212AB4A55500E042DD /* Group.swift in Sources */ = {isa = PBXBuildFile; fileRef = 2AEF1C202AB4A55500E042DD /* Group.swift */; };
/* End PBXBuildFile section */

/* Begin PBXFileReference section */
		2A002D6F2AAF6832002DAF97 /* NavBarController.swift */ = {isa = PBXFileReference; lastKnownFileType = sourcecode.swift; path = NavBarController.swift; sourceTree = "<group>"; };
		2A002D712AAF68BA002DAF97 /* TabBarController.swift */ = {isa = PBXFileReference; lastKnownFileType = sourcecode.swift; path = TabBarController.swift; sourceTree = "<group>"; };
		2A002D732AAF6A82002DAF97 /* Strings.swift */ = {isa = PBXFileReference; lastKnownFileType = sourcecode.swift; path = Strings.swift; sourceTree = "<group>"; };
		2A02271F2AAFAD4400DE2C3B /* FriendsTableViewController.swift */ = {isa = PBXFileReference; lastKnownFileType = sourcecode.swift; path = FriendsTableViewController.swift; sourceTree = "<group>"; };
		2A0227242AAFAD7300DE2C3B /* GroupsTableViewController.swift */ = {isa = PBXFileReference; lastKnownFileType = sourcecode.swift; path = GroupsTableViewController.swift; sourceTree = "<group>"; };
		2A0227272AAFAD9000DE2C3B /* PhotosCollectionViewController.swift */ = {isa = PBXFileReference; lastKnownFileType = sourcecode.swift; path = PhotosCollectionViewController.swift; sourceTree = "<group>"; };
		2A02272C2AB1DD3600DE2C3B /* FriendsTableViewCell.swift */ = {isa = PBXFileReference; lastKnownFileType = sourcecode.swift; path = FriendsTableViewCell.swift; sourceTree = "<group>"; };
		2A02272E2AB1E57D00DE2C3B /* GroupsTableViewCell.swift */ = {isa = PBXFileReference; lastKnownFileType = sourcecode.swift; path = GroupsTableViewCell.swift; sourceTree = "<group>"; };
		2A0227312AB1E67100DE2C3B /* PhotoView.swift */ = {isa = PBXFileReference; lastKnownFileType = sourcecode.swift; path = PhotoView.swift; sourceTree = "<group>"; };
		2A0227332AB1EC6800DE2C3B /* PhotosCollectionViewCell.swift */ = {isa = PBXFileReference; lastKnownFileType = sourcecode.swift; path = PhotosCollectionViewCell.swift; sourceTree = "<group>"; };
		2A178ED92AB9AB2D00CC4FEA /* OnlineIndicatorView.swift */ = {isa = PBXFileReference; lastKnownFileType = sourcecode.swift; path = OnlineIndicatorView.swift; sourceTree = "<group>"; };
		2A178EDC2AB9D18D00CC4FEA /* ProfileViewController.swift */ = {isa = PBXFileReference; lastKnownFileType = sourcecode.swift; path = ProfileViewController.swift; sourceTree = "<group>"; };
		2A178EE12AB9D1C200CC4FEA /* ProfileView.swift */ = {isa = PBXFileReference; lastKnownFileType = sourcecode.swift; path = ProfileView.swift; sourceTree = "<group>"; };
		2A178EE32AB9DAAF00CC4FEA /* ProfileNavButton.swift */ = {isa = PBXFileReference; lastKnownFileType = sourcecode.swift; path = ProfileNavButton.swift; sourceTree = "<group>"; };
		2A21483C2AB81F5600403A83 /* ImageDownloader.swift */ = {isa = PBXFileReference; lastKnownFileType = sourcecode.swift; path = ImageDownloader.swift; sourceTree = "<group>"; };
		2A21483F2AB8AB3C00403A83 /* NetworkService.swift */ = {isa = PBXFileReference; lastKnownFileType = sourcecode.swift; path = NetworkService.swift; sourceTree = "<group>"; };
		2A2716E62ABC3BB300F221DB /* ApiError.swift */ = {isa = PBXFileReference; lastKnownFileType = sourcecode.swift; path = ApiError.swift; sourceTree = "<group>"; };
		2A2D9F732AA9DF8D002FBDC3 /* PasswordButton.swift */ = {isa = PBXFileReference; lastKnownFileType = sourcecode.swift; path = PasswordButton.swift; sourceTree = "<group>"; };
		2A2D9F752AA9F1AE002FBDC3 /* PasswordTextField.swift */ = {isa = PBXFileReference; lastKnownFileType = sourcecode.swift; path = PasswordTextField.swift; sourceTree = "<group>"; };
		2A2D9F7A2AAA084F002FBDC3 /* UIViewController+Extensions.swift */ = {isa = PBXFileReference; lastKnownFileType = sourcecode.swift; path = "UIViewController+Extensions.swift"; sourceTree = "<group>"; };
		2A4C65E72ABA53A300D01220 /* Account.swift */ = {isa = PBXFileReference; lastKnownFileType = sourcecode.swift; path = Account.swift; sourceTree = "<group>"; };
		2A6FFAE62AB34C2100D1738B /* Friend.swift */ = {isa = PBXFileReference; lastKnownFileType = sourcecode.swift; path = Friend.swift; sourceTree = "<group>"; };
		2A6FFAE82AB34C5600D1738B /* ResponseWrapper.swift */ = {isa = PBXFileReference; lastKnownFileType = sourcecode.swift; path = ResponseWrapper.swift; sourceTree = "<group>"; };
		2A6FFAEA2AB34DD500D1738B /* Photo.swift */ = {isa = PBXFileReference; lastKnownFileType = sourcecode.swift; path = Photo.swift; sourceTree = "<group>"; };
		2A6FFAEC2AB34FB200D1738B /* ApiData.swift */ = {isa = PBXFileReference; lastKnownFileType = sourcecode.swift; path = ApiData.swift; sourceTree = "<group>"; };
		2A93EE382AA2169500243273 /* VK Personal.app */ = {isa = PBXFileReference; explicitFileType = wrapper.application; includeInIndex = 0; path = "VK Personal.app"; sourceTree = BUILT_PRODUCTS_DIR; };
		2A93EE3B2AA2169500243273 /* AppDelegate.swift */ = {isa = PBXFileReference; lastKnownFileType = sourcecode.swift; path = AppDelegate.swift; sourceTree = "<group>"; };
		2A93EE3D2AA2169500243273 /* SceneDelegate.swift */ = {isa = PBXFileReference; lastKnownFileType = sourcecode.swift; path = SceneDelegate.swift; sourceTree = "<group>"; };
		2A93EE3F2AA2169500243273 /* AuthViewController.swift */ = {isa = PBXFileReference; lastKnownFileType = sourcecode.swift; path = AuthViewController.swift; sourceTree = "<group>"; };
		2A93EE442AA2169700243273 /* Assets.xcassets */ = {isa = PBXFileReference; lastKnownFileType = folder.assetcatalog; path = Assets.xcassets; sourceTree = "<group>"; };
		2A93EE472AA2169700243273 /* Base */ = {isa = PBXFileReference; lastKnownFileType = file.storyboard; name = Base; path = Base.lproj/LaunchScreen.storyboard; sourceTree = "<group>"; };
		2A93EE492AA2169700243273 /* Info.plist */ = {isa = PBXFileReference; lastKnownFileType = text.plist.xml; path = Info.plist; sourceTree = "<group>"; };
		2A93EE5A2AA21AC800243273 /* AuthTextField.swift */ = {isa = PBXFileReference; lastKnownFileType = sourcecode.swift; path = AuthTextField.swift; sourceTree = "<group>"; };
		2A93EE5D2AA21BB100243273 /* VKBaseController.swift */ = {isa = PBXFileReference; lastKnownFileType = sourcecode.swift; path = VKBaseController.swift; sourceTree = "<group>"; };
		2A93EE602AA21E2000243273 /* VKBaseView.swift */ = {isa = PBXFileReference; lastKnownFileType = sourcecode.swift; path = VKBaseView.swift; sourceTree = "<group>"; };
		2A93EE632AA2903A00243273 /* Colors.xcassets */ = {isa = PBXFileReference; lastKnownFileType = folder.assetcatalog; path = Colors.xcassets; sourceTree = "<group>"; };
		2A93EE652AA290AB00243273 /* Colors.swift */ = {isa = PBXFileReference; lastKnownFileType = sourcecode.swift; path = Colors.swift; sourceTree = "<group>"; };
		2A93EE672AA2918C00243273 /* Icons.swift */ = {isa = PBXFileReference; lastKnownFileType = sourcecode.swift; path = Icons.swift; sourceTree = "<group>"; };
		2A93EE692AA291C900243273 /* Icons.xcassets */ = {isa = PBXFileReference; lastKnownFileType = folder.assetcatalog; path = Icons.xcassets; sourceTree = "<group>"; };
		2A93EE6B2AA2930200243273 /* BaseViewProtocol.swift */ = {isa = PBXFileReference; lastKnownFileType = sourcecode.swift; path = BaseViewProtocol.swift; sourceTree = "<group>"; };
		2A93EE6D2AA295C200243273 /* UIView+Extensions.swift */ = {isa = PBXFileReference; lastKnownFileType = sourcecode.swift; path = "UIView+Extensions.swift"; sourceTree = "<group>"; };
		2A93EE6F2AA2A2F800243273 /* BigButton.swift */ = {isa = PBXFileReference; lastKnownFileType = sourcecode.swift; path = BigButton.swift; sourceTree = "<group>"; };
		2A93EE732AA2A90500243273 /* TitleLabel.swift */ = {isa = PBXFileReference; lastKnownFileType = sourcecode.swift; path = TitleLabel.swift; sourceTree = "<group>"; };
		2A93EE752AA2AAAF00243273 /* LogoImageView.swift */ = {isa = PBXFileReference; lastKnownFileType = sourcecode.swift; path = LogoImageView.swift; sourceTree = "<group>"; };
		2A93EE772AA3219E00243273 /* AuthView.swift */ = {isa = PBXFileReference; lastKnownFileType = sourcecode.swift; path = AuthView.swift; sourceTree = "<group>"; };
		2A93EEAD2AA91E2100243273 /* .gitignore */ = {isa = PBXFileReference; lastKnownFileType = text; path = .gitignore; sourceTree = "<group>"; };
		2AEF1C1E2AB47F7500E042DD /* Data+Extensions.swift */ = {isa = PBXFileReference; lastKnownFileType = sourcecode.swift; path = "Data+Extensions.swift"; sourceTree = "<group>"; };
		2AEF1C202AB4A55500E042DD /* Group.swift */ = {isa = PBXFileReference; lastKnownFileType = sourcecode.swift; path = Group.swift; sourceTree = "<group>"; };
/* End PBXFileReference section */

/* Begin PBXFrameworksBuildPhase section */
		2A93EE352AA2169500243273 /* Frameworks */ = {
			isa = PBXFrameworksBuildPhase;
			buildActionMask = 2147483647;
			files = (
			);
			runOnlyForDeploymentPostprocessing = 0;
		};
/* End PBXFrameworksBuildPhase section */

/* Begin PBXGroup section */
		2A002D6D2AAF6742002DAF97 /* Navigation */ = {
			isa = PBXGroup;
			children = (
				2A002D6F2AAF6832002DAF97 /* NavBarController.swift */,
				2A002D712AAF68BA002DAF97 /* TabBarController.swift */,
			);
			path = Navigation;
			sourceTree = "<group>";
		};
		2A002D6E2AAF677B002DAF97 /* Views */ = {
			isa = PBXGroup;
			children = (
				2A93EE5A2AA21AC800243273 /* AuthTextField.swift */,
				2A93EE772AA3219E00243273 /* AuthView.swift */,
				2A93EE6F2AA2A2F800243273 /* BigButton.swift */,
				2A93EE752AA2AAAF00243273 /* LogoImageView.swift */,
				2A2D9F732AA9DF8D002FBDC3 /* PasswordButton.swift */,
				2A2D9F752AA9F1AE002FBDC3 /* PasswordTextField.swift */,
				2A93EE732AA2A90500243273 /* TitleLabel.swift */,
			);
			path = Views;
			sourceTree = "<group>";
		};
		2A02271C2AAFAD1D00DE2C3B /* Friends */ = {
			isa = PBXGroup;
			children = (
				2A02271F2AAFAD4400DE2C3B /* FriendsTableViewController.swift */,
				2A02272C2AB1DD3600DE2C3B /* FriendsTableViewCell.swift */,
			);
			path = Friends;
			sourceTree = "<group>";
		};
		2A02271D2AAFAD2300DE2C3B /* Groups */ = {
			isa = PBXGroup;
			children = (
				2A0227242AAFAD7300DE2C3B /* GroupsTableViewController.swift */,
				2A02272E2AB1E57D00DE2C3B /* GroupsTableViewCell.swift */,
			);
			path = Groups;
			sourceTree = "<group>";
		};
		2A02271E2AAFAD2800DE2C3B /* Photos */ = {
			isa = PBXGroup;
			children = (
				2A0227272AAFAD9000DE2C3B /* PhotosCollectionViewController.swift */,
				2A0227332AB1EC6800DE2C3B /* PhotosCollectionViewCell.swift */,
			);
			path = Photos;
			sourceTree = "<group>";
		};
		2A0227302AB1E65D00DE2C3B /* UIKit */ = {
			isa = PBXGroup;
			children = (
				2A0227312AB1E67100DE2C3B /* PhotoView.swift */,
				2A178ED92AB9AB2D00CC4FEA /* OnlineIndicatorView.swift */,
			);
			path = UIKit;
			sourceTree = "<group>";
		};
		2A178EDB2AB9D17A00CC4FEA /* Profile */ = {
			isa = PBXGroup;
			children = (
				2A178EDC2AB9D18D00CC4FEA /* ProfileViewController.swift */,
				2A178EE02AB9D1B000CC4FEA /* Views */,
			);
			path = Profile;
			sourceTree = "<group>";
		};
		2A178EE02AB9D1B000CC4FEA /* Views */ = {
			isa = PBXGroup;
			children = (
				2A178EE12AB9D1C200CC4FEA /* ProfileView.swift */,
				2A178EE32AB9DAAF00CC4FEA /* ProfileNavButton.swift */,
			);
			path = Views;
			sourceTree = "<group>";
		};
		2A6FFAEE2AB354DA00D1738B /* Services */ = {
			isa = PBXGroup;
			children = (
				2A21483C2AB81F5600403A83 /* ImageDownloader.swift */,
				2A21483F2AB8AB3C00403A83 /* NetworkService.swift */,
			);
			path = Services;
			sourceTree = "<group>";
		};
		2A93EE2F2AA2169500243273 = {
			isa = PBXGroup;
			children = (
				2A93EEAD2AA91E2100243273 /* .gitignore */,
				2A93EE3A2AA2169500243273 /* VK Personal */,
				2A93EE392AA2169500243273 /* Products */,
			);
			sourceTree = "<group>";
		};
		2A93EE392AA2169500243273 /* Products */ = {
			isa = PBXGroup;
			children = (
				2A93EE382AA2169500243273 /* VK Personal.app */,
			);
			name = Products;
			sourceTree = "<group>";
		};
		2A93EE3A2AA2169500243273 /* VK Personal */ = {
			isa = PBXGroup;
			children = (
				2A93EE502AA2194600243273 /* Application */,
				2A93EE572AA21A2100243273 /* Assets */,
				2A93EE522AA2195B00243273 /* Auth */,
				2A93EE5C2AA21B9400243273 /* Base */,
				2A02271C2AAFAD1D00DE2C3B /* Friends */,
				2A02271D2AAFAD2300DE2C3B /* Groups */,
				2A93EE4F2AA2190A00243273 /* Helpers */,
				2A93EE582AA21A6F00243273 /* Models */,
				2A002D6D2AAF6742002DAF97 /* Navigation */,
				2A02271E2AAFAD2800DE2C3B /* Photos */,
				2A178EDB2AB9D17A00CC4FEA /* Profile */,
				2A6FFAEE2AB354DA00D1738B /* Services */,
				2A93EE562AA21A1900243273 /* SupportingFiles */,
				2A0227302AB1E65D00DE2C3B /* UIKit */,
			);
			path = "VK Personal";
			sourceTree = "<group>";
		};
		2A93EE4F2AA2190A00243273 /* Helpers */ = {
			isa = PBXGroup;
			children = (
				2A93EE622AA2902100243273 /* Resources */,
				2A93EE552AA2198900243273 /* Extensions */,
				2A93EE542AA2198200243273 /* Protocols */,
			);
			path = Helpers;
			sourceTree = "<group>";
		};
		2A93EE502AA2194600243273 /* Application */ = {
			isa = PBXGroup;
			children = (
				2A93EE3B2AA2169500243273 /* AppDelegate.swift */,
				2A93EE3D2AA2169500243273 /* SceneDelegate.swift */,
			);
			path = Application;
			sourceTree = "<group>";
		};
		2A93EE522AA2195B00243273 /* Auth */ = {
			isa = PBXGroup;
			children = (
				2A93EE3F2AA2169500243273 /* AuthViewController.swift */,
				2A002D6E2AAF677B002DAF97 /* Views */,
			);
			path = Auth;
			sourceTree = "<group>";
		};
		2A93EE542AA2198200243273 /* Protocols */ = {
			isa = PBXGroup;
			children = (
				2A93EE6B2AA2930200243273 /* BaseViewProtocol.swift */,
			);
			path = Protocols;
			sourceTree = "<group>";
		};
		2A93EE552AA2198900243273 /* Extensions */ = {
			isa = PBXGroup;
			children = (
				2A93EE6D2AA295C200243273 /* UIView+Extensions.swift */,
				2A2D9F7A2AAA084F002FBDC3 /* UIViewController+Extensions.swift */,
				2AEF1C1E2AB47F7500E042DD /* Data+Extensions.swift */,
			);
			path = Extensions;
			sourceTree = "<group>";
		};
		2A93EE562AA21A1900243273 /* SupportingFiles */ = {
			isa = PBXGroup;
			children = (
				2A93EE462AA2169700243273 /* LaunchScreen.storyboard */,
				2A93EE492AA2169700243273 /* Info.plist */,
			);
			path = SupportingFiles;
			sourceTree = "<group>";
		};
		2A93EE572AA21A2100243273 /* Assets */ = {
			isa = PBXGroup;
			children = (
				2A93EE442AA2169700243273 /* Assets.xcassets */,
				2A93EE632AA2903A00243273 /* Colors.xcassets */,
				2A93EE692AA291C900243273 /* Icons.xcassets */,
			);
			path = Assets;
			sourceTree = "<group>";
		};
		2A93EE582AA21A6F00243273 /* Models */ = {
			isa = PBXGroup;
			children = (
				2A6FFAEC2AB34FB200D1738B /* ApiData.swift */,
				2A6FFAE62AB34C2100D1738B /* Friend.swift */,
				2A6FFAEA2AB34DD500D1738B /* Photo.swift */,
				2A6FFAE82AB34C5600D1738B /* ResponseWrapper.swift */,
				2AEF1C202AB4A55500E042DD /* Group.swift */,
				2A4C65E72ABA53A300D01220 /* Account.swift */,
				2A2716E62ABC3BB300F221DB /* ApiError.swift */,
			);
			path = Models;
			sourceTree = "<group>";
		};
		2A93EE5C2AA21B9400243273 /* Base */ = {
			isa = PBXGroup;
			children = (
				2A93EE5D2AA21BB100243273 /* VKBaseController.swift */,
				2A93EE602AA21E2000243273 /* VKBaseView.swift */,
			);
			path = Base;
			sourceTree = "<group>";
		};
		2A93EE622AA2902100243273 /* Resources */ = {
			isa = PBXGroup;
			children = (
				2A93EE652AA290AB00243273 /* Colors.swift */,
				2A93EE672AA2918C00243273 /* Icons.swift */,
				2A002D732AAF6A82002DAF97 /* Strings.swift */,
			);
			path = Resources;
			sourceTree = "<group>";
		};
/* End PBXGroup section */

/* Begin PBXNativeTarget section */
		2A93EE372AA2169500243273 /* VK Personal */ = {
			isa = PBXNativeTarget;
			buildConfigurationList = 2A93EE4C2AA2169700243273 /* Build configuration list for PBXNativeTarget "VK Personal" */;
			buildPhases = (
				2A93EE342AA2169500243273 /* Sources */,
				2A93EE352AA2169500243273 /* Frameworks */,
				2A93EE362AA2169500243273 /* Resources */,
			);
			buildRules = (
			);
			dependencies = (
			);
			name = "VK Personal";
			productName = "VK Personal";
			productReference = 2A93EE382AA2169500243273 /* VK Personal.app */;
			productType = "com.apple.product-type.application";
		};
/* End PBXNativeTarget section */

/* Begin PBXProject section */
		2A93EE302AA2169500243273 /* Project object */ = {
			isa = PBXProject;
			attributes = {
				BuildIndependentTargetsInParallel = 1;
				LastSwiftUpdateCheck = 1430;
				LastUpgradeCheck = 1500;
				TargetAttributes = {
					2A93EE372AA2169500243273 = {
						CreatedOnToolsVersion = 14.3.1;
					};
				};
			};
			buildConfigurationList = 2A93EE332AA2169500243273 /* Build configuration list for PBXProject "VK Personal" */;
			compatibilityVersion = "Xcode 14.0";
			developmentRegion = en;
			hasScannedForEncodings = 0;
			knownRegions = (
				en,
				Base,
			);
			mainGroup = 2A93EE2F2AA2169500243273;
			productRefGroup = 2A93EE392AA2169500243273 /* Products */;
			projectDirPath = "";
			projectRoot = "";
			targets = (
				2A93EE372AA2169500243273 /* VK Personal */,
			);
		};
/* End PBXProject section */

/* Begin PBXResourcesBuildPhase section */
		2A93EE362AA2169500243273 /* Resources */ = {
			isa = PBXResourcesBuildPhase;
			buildActionMask = 2147483647;
			files = (
				2A93EEAE2AA91E2100243273 /* .gitignore in Resources */,
				2A93EE642AA2903A00243273 /* Colors.xcassets in Resources */,
				2A93EE482AA2169700243273 /* LaunchScreen.storyboard in Resources */,
				2A93EE6A2AA291C900243273 /* Icons.xcassets in Resources */,
				2A93EE452AA2169700243273 /* Assets.xcassets in Resources */,
			);
			runOnlyForDeploymentPostprocessing = 0;
		};
/* End PBXResourcesBuildPhase section */

/* Begin PBXSourcesBuildPhase section */
		2A93EE342AA2169500243273 /* Sources */ = {
			isa = PBXSourcesBuildPhase;
			buildActionMask = 2147483647;
			files = (
				2A93EE782AA3219E00243273 /* AuthView.swift in Sources */,
				2AEF1C212AB4A55500E042DD /* Group.swift in Sources */,
				2A93EE6E2AA295C200243273 /* UIView+Extensions.swift in Sources */,
				2A0227342AB1EC6800DE2C3B /* PhotosCollectionViewCell.swift in Sources */,
				2A002D742AAF6A82002DAF97 /* Strings.swift in Sources */,
				2A4C65E82ABA53A300D01220 /* Account.swift in Sources */,
				2A02272D2AB1DD3600DE2C3B /* FriendsTableViewCell.swift in Sources */,
				2A93EE612AA21E2000243273 /* VKBaseView.swift in Sources */,
				2A6FFAE92AB34C5600D1738B /* ResponseWrapper.swift in Sources */,
				2A93EE402AA2169500243273 /* AuthViewController.swift in Sources */,
				2A0227322AB1E67100DE2C3B /* PhotoView.swift in Sources */,
				2A0227202AAFAD4400DE2C3B /* FriendsTableViewController.swift in Sources */,
				2A93EE682AA2918C00243273 /* Icons.swift in Sources */,
				2A0227252AAFAD7300DE2C3B /* GroupsTableViewController.swift in Sources */,
				2A93EE5B2AA21AC800243273 /* AuthTextField.swift in Sources */,
				2A02272F2AB1E57D00DE2C3B /* GroupsTableViewCell.swift in Sources */,
				2A21483D2AB81F5600403A83 /* ImageDownloader.swift in Sources */,
				2A178EE22AB9D1C200CC4FEA /* ProfileView.swift in Sources */,
				2A2D9F7B2AAA084F002FBDC3 /* UIViewController+Extensions.swift in Sources */,
				2A002D702AAF6832002DAF97 /* NavBarController.swift in Sources */,
				2A2148402AB8AB3C00403A83 /* NetworkService.swift in Sources */,
				2A6FFAE72AB34C2100D1738B /* Friend.swift in Sources */,
				2A93EE702AA2A2F800243273 /* BigButton.swift in Sources */,
				2A93EE662AA290AB00243273 /* Colors.swift in Sources */,
				2A002D722AAF68BA002DAF97 /* TabBarController.swift in Sources */,
				2A0227282AAFAD9000DE2C3B /* PhotosCollectionViewController.swift in Sources */,
				2A93EE6C2AA2930200243273 /* BaseViewProtocol.swift in Sources */,
				2A2716E72ABC3BB300F221DB /* ApiError.swift in Sources */,
				2A178EDA2AB9AB2D00CC4FEA /* OnlineIndicatorView.swift in Sources */,
				2A178EE42AB9DAAF00CC4FEA /* ProfileNavButton.swift in Sources */,
				2A93EE3C2AA2169500243273 /* AppDelegate.swift in Sources */,
				2A93EE742AA2A90500243273 /* TitleLabel.swift in Sources */,
				2A6FFAEB2AB34DD500D1738B /* Photo.swift in Sources */,
				2A93EE3E2AA2169500243273 /* SceneDelegate.swift in Sources */,
				2A93EE762AA2AAAF00243273 /* LogoImageView.swift in Sources */,
				2A2D9F742AA9DF8D002FBDC3 /* PasswordButton.swift in Sources */,
				2A2D9F762AA9F1AE002FBDC3 /* PasswordTextField.swift in Sources */,
				2AEF1C1F2AB47F7500E042DD /* Data+Extensions.swift in Sources */,
				2A178EDD2AB9D18D00CC4FEA /* ProfileViewController.swift in Sources */,
				2A6FFAED2AB34FB200D1738B /* ApiData.swift in Sources */,
				2A93EE5E2AA21BB100243273 /* VKBaseController.swift in Sources */,
			);
			runOnlyForDeploymentPostprocessing = 0;
		};
/* End PBXSourcesBuildPhase section */

/* Begin PBXVariantGroup section */
		2A93EE462AA2169700243273 /* LaunchScreen.storyboard */ = {
			isa = PBXVariantGroup;
			children = (
				2A93EE472AA2169700243273 /* Base */,
			);
			name = LaunchScreen.storyboard;
			sourceTree = "<group>";
		};
/* End PBXVariantGroup section */

/* Begin XCBuildConfiguration section */
		2A93EE4A2AA2169700243273 /* Debug */ = {
			isa = XCBuildConfiguration;
			buildSettings = {
				ALWAYS_SEARCH_USER_PATHS = NO;
				ASSETCATALOG_COMPILER_GENERATE_SWIFT_ASSET_SYMBOL_EXTENSIONS = YES;
				CLANG_ANALYZER_NONNULL = YES;
				CLANG_ANALYZER_NUMBER_OBJECT_CONVERSION = YES_AGGRESSIVE;
				CLANG_CXX_LANGUAGE_STANDARD = "gnu++20";
				CLANG_ENABLE_MODULES = YES;
				CLANG_ENABLE_OBJC_ARC = YES;
				CLANG_ENABLE_OBJC_WEAK = YES;
				CLANG_WARN_BLOCK_CAPTURE_AUTORELEASING = YES;
				CLANG_WARN_BOOL_CONVERSION = YES;
				CLANG_WARN_COMMA = YES;
				CLANG_WARN_CONSTANT_CONVERSION = YES;
				CLANG_WARN_DEPRECATED_OBJC_IMPLEMENTATIONS = YES;
				CLANG_WARN_DIRECT_OBJC_ISA_USAGE = YES_ERROR;
				CLANG_WARN_DOCUMENTATION_COMMENTS = YES;
				CLANG_WARN_EMPTY_BODY = YES;
				CLANG_WARN_ENUM_CONVERSION = YES;
				CLANG_WARN_INFINITE_RECURSION = YES;
				CLANG_WARN_INT_CONVERSION = YES;
				CLANG_WARN_NON_LITERAL_NULL_CONVERSION = YES;
				CLANG_WARN_OBJC_IMPLICIT_RETAIN_SELF = YES;
				CLANG_WARN_OBJC_LITERAL_CONVERSION = YES;
				CLANG_WARN_OBJC_ROOT_CLASS = YES_ERROR;
				CLANG_WARN_QUOTED_INCLUDE_IN_FRAMEWORK_HEADER = YES;
				CLANG_WARN_RANGE_LOOP_ANALYSIS = YES;
				CLANG_WARN_STRICT_PROTOTYPES = YES;
				CLANG_WARN_SUSPICIOUS_MOVE = YES;
				CLANG_WARN_UNGUARDED_AVAILABILITY = YES_AGGRESSIVE;
				CLANG_WARN_UNREACHABLE_CODE = YES;
				CLANG_WARN__DUPLICATE_METHOD_MATCH = YES;
				COPY_PHASE_STRIP = NO;
				DEBUG_INFORMATION_FORMAT = dwarf;
				ENABLE_STRICT_OBJC_MSGSEND = YES;
				ENABLE_TESTABILITY = YES;
				ENABLE_USER_SCRIPT_SANDBOXING = YES;
				GCC_C_LANGUAGE_STANDARD = gnu11;
				GCC_DYNAMIC_NO_PIC = NO;
				GCC_NO_COMMON_BLOCKS = YES;
				GCC_OPTIMIZATION_LEVEL = 0;
				GCC_PREPROCESSOR_DEFINITIONS = (
					"DEBUG=1",
					"$(inherited)",
				);
				GCC_WARN_64_TO_32_BIT_CONVERSION = YES;
				GCC_WARN_ABOUT_RETURN_TYPE = YES_ERROR;
				GCC_WARN_UNDECLARED_SELECTOR = YES;
				GCC_WARN_UNINITIALIZED_AUTOS = YES_AGGRESSIVE;
				GCC_WARN_UNUSED_FUNCTION = YES;
				GCC_WARN_UNUSED_VARIABLE = YES;
				IPHONEOS_DEPLOYMENT_TARGET = 17.0;
				MTL_ENABLE_DEBUG_INFO = INCLUDE_SOURCE;
				MTL_FAST_MATH = YES;
				ONLY_ACTIVE_ARCH = YES;
				SDKROOT = iphoneos;
				SWIFT_ACTIVE_COMPILATION_CONDITIONS = DEBUG;
				SWIFT_OPTIMIZATION_LEVEL = "-Onone";
			};
			name = Debug;
		};
		2A93EE4B2AA2169700243273 /* Release */ = {
			isa = XCBuildConfiguration;
			buildSettings = {
				ALWAYS_SEARCH_USER_PATHS = NO;
				ASSETCATALOG_COMPILER_GENERATE_SWIFT_ASSET_SYMBOL_EXTENSIONS = YES;
				CLANG_ANALYZER_NONNULL = YES;
				CLANG_ANALYZER_NUMBER_OBJECT_CONVERSION = YES_AGGRESSIVE;
				CLANG_CXX_LANGUAGE_STANDARD = "gnu++20";
				CLANG_ENABLE_MODULES = YES;
				CLANG_ENABLE_OBJC_ARC = YES;
				CLANG_ENABLE_OBJC_WEAK = YES;
				CLANG_WARN_BLOCK_CAPTURE_AUTORELEASING = YES;
				CLANG_WARN_BOOL_CONVERSION = YES;
				CLANG_WARN_COMMA = YES;
				CLANG_WARN_CONSTANT_CONVERSION = YES;
				CLANG_WARN_DEPRECATED_OBJC_IMPLEMENTATIONS = YES;
				CLANG_WARN_DIRECT_OBJC_ISA_USAGE = YES_ERROR;
				CLANG_WARN_DOCUMENTATION_COMMENTS = YES;
				CLANG_WARN_EMPTY_BODY = YES;
				CLANG_WARN_ENUM_CONVERSION = YES;
				CLANG_WARN_INFINITE_RECURSION = YES;
				CLANG_WARN_INT_CONVERSION = YES;
				CLANG_WARN_NON_LITERAL_NULL_CONVERSION = YES;
				CLANG_WARN_OBJC_IMPLICIT_RETAIN_SELF = YES;
				CLANG_WARN_OBJC_LITERAL_CONVERSION = YES;
				CLANG_WARN_OBJC_ROOT_CLASS = YES_ERROR;
				CLANG_WARN_QUOTED_INCLUDE_IN_FRAMEWORK_HEADER = YES;
				CLANG_WARN_RANGE_LOOP_ANALYSIS = YES;
				CLANG_WARN_STRICT_PROTOTYPES = YES;
				CLANG_WARN_SUSPICIOUS_MOVE = YES;
				CLANG_WARN_UNGUARDED_AVAILABILITY = YES_AGGRESSIVE;
				CLANG_WARN_UNREACHABLE_CODE = YES;
				CLANG_WARN__DUPLICATE_METHOD_MATCH = YES;
				COPY_PHASE_STRIP = NO;
				DEBUG_INFORMATION_FORMAT = "dwarf-with-dsym";
				ENABLE_NS_ASSERTIONS = NO;
				ENABLE_STRICT_OBJC_MSGSEND = YES;
				ENABLE_USER_SCRIPT_SANDBOXING = YES;
				GCC_C_LANGUAGE_STANDARD = gnu11;
				GCC_NO_COMMON_BLOCKS = YES;
				GCC_WARN_64_TO_32_BIT_CONVERSION = YES;
				GCC_WARN_ABOUT_RETURN_TYPE = YES_ERROR;
				GCC_WARN_UNDECLARED_SELECTOR = YES;
				GCC_WARN_UNINITIALIZED_AUTOS = YES_AGGRESSIVE;
				GCC_WARN_UNUSED_FUNCTION = YES;
				GCC_WARN_UNUSED_VARIABLE = YES;
				IPHONEOS_DEPLOYMENT_TARGET = 17.0;
				MTL_ENABLE_DEBUG_INFO = NO;
				MTL_FAST_MATH = YES;
				SDKROOT = iphoneos;
				SWIFT_COMPILATION_MODE = wholemodule;
				SWIFT_OPTIMIZATION_LEVEL = "-O";
				VALIDATE_PRODUCT = YES;
			};
			name = Release;
		};
		2A93EE4D2AA2169700243273 /* Debug */ = {
			isa = XCBuildConfiguration;
			buildSettings = {
				ASSETCATALOG_COMPILER_APPICON_NAME = AppIcon;
				ASSETCATALOG_COMPILER_GLOBAL_ACCENT_COLOR_NAME = AccentColor;
				CODE_SIGN_STYLE = Automatic;
				CURRENT_PROJECT_VERSION = 1;
				DEVELOPMENT_TEAM = H94WDCFCK6;
				GENERATE_INFOPLIST_FILE = YES;
				INFOPLIST_FILE = "VK Personal/SupportingFiles/Info.plist";
				INFOPLIST_KEY_UIApplicationSupportsIndirectInputEvents = YES;
				INFOPLIST_KEY_UILaunchStoryboardName = LaunchScreen;
				INFOPLIST_KEY_UISupportedInterfaceOrientations_iPad = "UIInterfaceOrientationPortrait UIInterfaceOrientationPortraitUpsideDown UIInterfaceOrientationLandscapeLeft UIInterfaceOrientationLandscapeRight";
				INFOPLIST_KEY_UISupportedInterfaceOrientations_iPhone = "UIInterfaceOrientationPortrait UIInterfaceOrientationLandscapeLeft UIInterfaceOrientationLandscapeRight";
				LD_RUNPATH_SEARCH_PATHS = (
					"$(inherited)",
					"@executable_path/Frameworks",
				);
				MARKETING_VERSION = 1.0;
				PRODUCT_BUNDLE_IDENTIFIER = "com.alekseev.oleg.VK-Personal";
				PRODUCT_NAME = "$(TARGET_NAME)";
				SWIFT_EMIT_LOC_STRINGS = YES;
				SWIFT_VERSION = 5.0;
				TARGETED_DEVICE_FAMILY = "1,2";
			};
			name = Debug;
		};
		2A93EE4E2AA2169700243273 /* Release */ = {
			isa = XCBuildConfiguration;
			buildSettings = {
				ASSETCATALOG_COMPILER_APPICON_NAME = AppIcon;
				ASSETCATALOG_COMPILER_GLOBAL_ACCENT_COLOR_NAME = AccentColor;
				CODE_SIGN_STYLE = Automatic;
				CURRENT_PROJECT_VERSION = 1;
				DEVELOPMENT_TEAM = H94WDCFCK6;
				GENERATE_INFOPLIST_FILE = YES;
				INFOPLIST_FILE = "VK Personal/SupportingFiles/Info.plist";
				INFOPLIST_KEY_UIApplicationSupportsIndirectInputEvents = YES;
				INFOPLIST_KEY_UILaunchStoryboardName = LaunchScreen;
				INFOPLIST_KEY_UISupportedInterfaceOrientations_iPad = "UIInterfaceOrientationPortrait UIInterfaceOrientationPortraitUpsideDown UIInterfaceOrientationLandscapeLeft UIInterfaceOrientationLandscapeRight";
				INFOPLIST_KEY_UISupportedInterfaceOrientations_iPhone = "UIInterfaceOrientationPortrait UIInterfaceOrientationLandscapeLeft UIInterfaceOrientationLandscapeRight";
				LD_RUNPATH_SEARCH_PATHS = (
					"$(inherited)",
					"@executable_path/Frameworks",
				);
				MARKETING_VERSION = 1.0;
				PRODUCT_BUNDLE_IDENTIFIER = "com.alekseev.oleg.VK-Personal";
				PRODUCT_NAME = "$(TARGET_NAME)";
				SWIFT_EMIT_LOC_STRINGS = YES;
				SWIFT_VERSION = 5.0;
				TARGETED_DEVICE_FAMILY = "1,2";
			};
			name = Release;
		};
/* End XCBuildConfiguration section */

/* Begin XCConfigurationList section */
		2A93EE332AA2169500243273 /* Build configuration list for PBXProject "VK Personal" */ = {
			isa = XCConfigurationList;
			buildConfigurations = (
				2A93EE4A2AA2169700243273 /* Debug */,
				2A93EE4B2AA2169700243273 /* Release */,
			);
			defaultConfigurationIsVisible = 0;
			defaultConfigurationName = Release;
		};
		2A93EE4C2AA2169700243273 /* Build configuration list for PBXNativeTarget "VK Personal" */ = {
			isa = XCConfigurationList;
			buildConfigurations = (
				2A93EE4D2AA2169700243273 /* Debug */,
				2A93EE4E2AA2169700243273 /* Release */,
			);
			defaultConfigurationIsVisible = 0;
			defaultConfigurationName = Release;
		};
/* End XCConfigurationList section */
	};
	rootObject = 2A93EE302AA2169500243273 /* Project object */;
}
